{
  "originHash" : "2e6f1b0e9206478dbf0dd12a35f74562cb1e0efa60df66f116594f050d84c0dd",
  "pins" : [
    {
      "identity" : "llama.swift",
      "kind" : "remoteSourceControl",
      "location" : "https://github.com/mattt/llama.swift",
      "state" : {
        "revision" : "0338115f47612b5825ad980c1e7108370b447809",
        "version" : "2.10437.0"
      }
    }
  ],
  "version" : 3
}
